
Microsoft Visual Studio Solution File, Format Version 12.00
# Visual Studio Version 16
VisualStudioVersion = 16.0.30413.136
MinimumVisualStudioVersion = 10.0.40219.1
Project("{9092AA53-FB77-4645-B42D-1CCCA6BD08BD}") = "NodeJS", "NodeJS.njsproj", "{4BF27BD9-77E7-4387-8C92-297C4539F89F}"
EndProject
Global
	GlobalSection(SolutionConfigurationPlatforms) = preSolution
		Debug|Any CPU = Debug|Any CPU
		Release|Any CPU = Release|Any CPU
	EndGlobalSection
	GlobalSection(ProjectConfigurationPlatforms) = postSolution
		{4BF27BD9-77E7-4387-8C92-297C4539F89F}.Debug|Any CPU.ActiveCfg = Debug|Any CPU
		{4BF27BD9-77E7-4387-8C92-297C4539F89F}.Debug|Any CPU.Build.0 = Debug|Any CPU
		{4BF27BD9-77E7-4387-8C92-297C4539F89F}.Release|Any CPU.ActiveCfg = Release|Any CPU
		{4BF27BD9-77E7-4387-8C92-297C4539F89F}.Release|Any CPU.Build.0 = Release|Any CPU
	EndGlobalSection
	GlobalSection(SolutionProperties) = preSolution
		HideSolutionNode = FALSE
	EndGlobalSection
	GlobalSection(ExtensibilityGlobals) = postSolution
		SolutionGuid = {FC43D242-EB8D-458B-8D43-A08EC791D2C4}
	EndGlobalSection
EndGlobal
